// !$*UTF8*$!
{
	archiveVersion = 1;
	classes = {
	};
	objectVersion = 46;
	objects = {

/* Begin PBXBuildFile section */
		C1BDA19A1CB367B60054D302 /* LCInfoView.m in Sources */ = {isa = PBXBuildFile; fileRef = C1BDA1901CB367B60054D302 /* LCInfoView.m */; };
		C1BDA19B1CB367B60054D302 /* LCLegendView.m in Sources */ = {isa = PBXBuildFile; fileRef = C1BDA1921CB367B60054D302 /* LCLegendView.m */; };
		C1BDA19C1CB367B60054D302 /* LCLineChartView.m in Sources */ = {isa = PBXBuildFile; fileRef = C1BDA1941CB367B60054D302 /* LCLineChartView.m */; };
		C1BDA19D1CB367B60054D302 /* LineChartModel.m in Sources */ = {isa = PBXBuildFile; fileRef = C1BDA1971CB367B60054D302 /* LineChartModel.m */; };
		C1BDA19E1CB367B60054D302 /* UIKit+DrawingHelpers.m in Sources */ = {isa = PBXBuildFile; fileRef = C1BDA1991CB367B60054D302 /* UIKit+DrawingHelpers.m */; };
		D4A5C8E41C86D18E00BB5129 /* main.m in Sources */ = {isa = PBXBuildFile; fileRef = D4A5C8E31C86D18E00BB5129 /* main.m */; };
		D4A5C8E71C86D18E00BB5129 /* AppDelegate.m in Sources */ = {isa = PBXBuildFile; fileRef = D4A5C8E61C86D18E00BB5129 /* AppDelegate.m */; };
		D4A5C8EA1C86D18E00BB5129 /* CurrentTreasureViewController.m in Sources */ = {isa = PBXBuildFile; fileRef = D4A5C8E91C86D18E00BB5129 /* CurrentTreasureViewController.m */; };
		D4A5C8EF1C86D18E00BB5129 /* Assets.xcassets in Resources */ = {isa = PBXBuildFile; fileRef = D4A5C8EE1C86D18E00BB5129 /* Assets.xcassets */; };
		D4A5C8FA1C86D2B900BB5129 /* Default-568h@2x.png in Resources */ = {isa = PBXBuildFile; fileRef = D4A5C8F91C86D2B900BB5129 /* Default-568h@2x.png */; };
		D4A5C9001C86DC8800BB5129 /* UIColor+Random.m in Sources */ = {isa = PBXBuildFile; fileRef = D4A5C8FE1C86DC8800BB5129 /* UIColor+Random.m */; };
/* End PBXBuildFile section */

/* Begin PBXFileReference section */
		857263785AF2B906ED0576A7 /* libPods.a */ = {isa = PBXFileReference; explicitFileType = archive.ar; includeInIndex = 0; path = libPods.a; sourceTree = BUILT_PRODUCTS_DIR; };
		C1BDA18F1CB367B60054D302 /* LCInfoView.h */ = {isa = PBXFileReference; fileEncoding = 4; lastKnownFileType = sourcecode.c.h; path = LCInfoView.h; sourceTree = "<group>"; };
		C1BDA1901CB367B60054D302 /* LCInfoView.m */ = {isa = PBXFileReference; fileEncoding = 4; lastKnownFileType = sourcecode.c.objc; path = LCInfoView.m; sourceTree = "<group>"; };
		C1BDA1911CB367B60054D302 /* LCLegendView.h */ = {isa = PBXFileReference; fileEncoding = 4; lastKnownFileType = sourcecode.c.h; path = LCLegendView.h; sourceTree = "<group>"; };
		C1BDA1921CB367B60054D302 /* LCLegendView.m */ = {isa = PBXFileReference; fileEncoding = 4; lastKnownFileType = sourcecode.c.objc; path = LCLegendView.m; sourceTree = "<group>"; };
		C1BDA1931CB367B60054D302 /* LCLineChartView.h */ = {isa = PBXFileReference; fileEncoding = 4; lastKnownFileType = sourcecode.c.h; path = LCLineChartView.h; sourceTree = "<group>"; };
		C1BDA1941CB367B60054D302 /* LCLineChartView.m */ = {isa = PBXFileReference; fileEncoding = 4; lastKnownFileType = sourcecode.c.objc; path = LCLineChartView.m; sourceTree = "<group>"; };
		C1BDA1951CB367B60054D302 /* LineChart.h */ = {isa = PBXFileReference; fileEncoding = 4; lastKnownFileType = sourcecode.c.h; path = LineChart.h; sourceTree = "<group>"; };
		C1BDA1961CB367B60054D302 /* LineChartModel.h */ = {isa = PBXFileReference; fileEncoding = 4; lastKnownFileType = sourcecode.c.h; path = LineChartModel.h; sourceTree = "<group>"; };
		C1BDA1971CB367B60054D302 /* LineChartModel.m */ = {isa = PBXFileReference; fileEncoding = 4; lastKnownFileType = sourcecode.c.objc; path = LineChartModel.m; sourceTree = "<group>"; };
		C1BDA1981CB367B60054D302 /* UIKit+DrawingHelpers.h */ = {isa = PBXFileReference; fileEncoding = 4; lastKnownFileType = sourcecode.c.h; path = "UIKit+DrawingHelpers.h"; sourceTree = "<group>"; };
		C1BDA1991CB367B60054D302 /* UIKit+DrawingHelpers.m */ = {isa = PBXFileReference; fileEncoding = 4; lastKnownFileType = sourcecode.c.objc; path = "UIKit+DrawingHelpers.m"; sourceTree = "<group>"; };
		D4A5C8DF1C86D18E00BB5129 /* LineChart.app */ = {isa = PBXFileReference; explicitFileType = wrapper.application; includeInIndex = 0; path = LineChart.app; sourceTree = BUILT_PRODUCTS_DIR; };
		D4A5C8E31C86D18E00BB5129 /* main.m */ = {isa = PBXFileReference; lastKnownFileType = sourcecode.c.objc; path = main.m; sourceTree = "<group>"; };
		D4A5C8E51C86D18E00BB5129 /* AppDelegate.h */ = {isa = PBXFileReference; lastKnownFileType = sourcecode.c.h; path = AppDelegate.h; sourceTree = "<group>"; };
		D4A5C8E61C86D18E00BB5129 /* AppDelegate.m */ = {isa = PBXFileReference; lastKnownFileType = sourcecode.c.objc; path = AppDelegate.m; sourceTree = "<group>"; };
		D4A5C8E81C86D18E00BB5129 /* CurrentTreasureViewController.h */ = {isa = PBXFileReference; lastKnownFileType = sourcecode.c.h; path = CurrentTreasureViewController.h; sourceTree = "<group>"; };
		D4A5C8E91C86D18E00BB5129 /* CurrentTreasureViewController.m */ = {isa = PBXFileReference; lastKnownFileType = sourcecode.c.objc; path = CurrentTreasureViewController.m; sourceTree = "<group>"; };
		D4A5C8EE1C86D18E00BB5129 /* Assets.xcassets */ = {isa = PBXFileReference; lastKnownFileType = folder.assetcatalog; path = Assets.xcassets; sourceTree = "<group>"; };
		D4A5C8F31C86D18E00BB5129 /* Info.plist */ = {isa = PBXFileReference; lastKnownFileType = text.plist.xml; path = Info.plist; sourceTree = "<group>"; };
		D4A5C8F91C86D2B900BB5129 /* Default-568h@2x.png */ = {isa = PBXFileReference; lastKnownFileType = image.png; path = "Default-568h@2x.png"; sourceTree = "<group>"; };
		D4A5C8FE1C86DC8800BB5129 /* UIColor+Random.m */ = {isa = PBXFileReference; fileEncoding = 4; lastKnownFileType = sourcecode.c.objc; path = "UIColor+Random.m"; sourceTree = "<group>"; };
		D4A5C8FF1C86DC8800BB5129 /* UIColor+Random.h */ = {isa = PBXFileReference; fileEncoding = 4; lastKnownFileType = sourcecode.c.h; path = "UIColor+Random.h"; sourceTree = "<group>"; };
/* End PBXFileReference section */

/* Begin PBXFrameworksBuildPhase section */
		D4A5C8DC1C86D18E00BB5129 /* Frameworks */ = {
			isa = PBXFrameworksBuildPhase;
			buildActionMask = 2147483647;
			files = (
			);
			runOnlyForDeploymentPostprocessing = 0;
		};
/* End PBXFrameworksBuildPhase section */

/* Begin PBXGroup section */
		C1BDA18E1CB367B60054D302 /* LineChartInfoView */ = {
			isa = PBXGroup;
			children = (
				C1BDA18F1CB367B60054D302 /* LCInfoView.h */,
				C1BDA1901CB367B60054D302 /* LCInfoView.m */,
				C1BDA1911CB367B60054D302 /* LCLegendView.h */,
				C1BDA1921CB367B60054D302 /* LCLegendView.m */,
				C1BDA1931CB367B60054D302 /* LCLineChartView.h */,
				C1BDA1941CB367B60054D302 /* LCLineChartView.m */,
				C1BDA1951CB367B60054D302 /* LineChart.h */,
				C1BDA1961CB367B60054D302 /* LineChartModel.h */,
				C1BDA1971CB367B60054D302 /* LineChartModel.m */,
				C1BDA1981CB367B60054D302 /* UIKit+DrawingHelpers.h */,
				C1BDA1991CB367B60054D302 /* UIKit+DrawingHelpers.m */,
			);
			path = LineChartInfoView;
			sourceTree = "<group>";
		};
		D4A5C8D61C86D18E00BB5129 = {
			isa = PBXGroup;
			children = (
				D4A5C8E11C86D18E00BB5129 /* LineChart */,
				D4A5C8E01C86D18E00BB5129 /* Products */,
				F3BB8D44C141E5D39BE22086 /* Frameworks */,
			);
			sourceTree = "<group>";
		};
		D4A5C8E01C86D18E00BB5129 /* Products */ = {
			isa = PBXGroup;
			children = (
				D4A5C8DF1C86D18E00BB5129 /* LineChart.app */,
			);
			name = Products;
			sourceTree = "<group>";
		};
		D4A5C8E11C86D18E00BB5129 /* LineChart */ = {
			isa = PBXGroup;
			children = (
				C1BDA18E1CB367B60054D302 /* LineChartInfoView */,
				D4A5C8E51C86D18E00BB5129 /* AppDelegate.h */,
				D4A5C8E61C86D18E00BB5129 /* AppDelegate.m */,
				D4A5C8E81C86D18E00BB5129 /* CurrentTreasureViewController.h */,
				D4A5C8E91C86D18E00BB5129 /* CurrentTreasureViewController.m */,
				D4A5C8FF1C86DC8800BB5129 /* UIColor+Random.h */,
				D4A5C8FE1C86DC8800BB5129 /* UIColor+Random.m */,
				D4A5C8EE1C86D18E00BB5129 /* Assets.xcassets */,
				D4A5C8F91C86D2B900BB5129 /* Default-568h@2x.png */,
				D4A5C8F31C86D18E00BB5129 /* Info.plist */,
				D4A5C8E21C86D18E00BB5129 /* Supporting Files */,
			);
			path = LineChart;
			sourceTree = "<group>";
		};
		D4A5C8E21C86D18E00BB5129 /* Supporting Files */ = {
			isa = PBXGroup;
			children = (
				D4A5C8E31C86D18E00BB5129 /* main.m */,
			);
			name = "Supporting Files";
			sourceTree = "<group>";
		};
		F3BB8D44C141E5D39BE22086 /* Frameworks */ = {
			isa = PBXGroup;
			children = (
				857263785AF2B906ED0576A7 /* libPods.a */,
			);
			name = Frameworks;
			sourceTree = "<group>";
		};
/* End PBXGroup section */

/* Begin PBXNativeTarget section */
		D4A5C8DE1C86D18E00BB5129 /* LineChart */ = {
			isa = PBXNativeTarget;
			buildConfigurationList = D4A5C8F61C86D18E00BB5129 /* Build configuration list for PBXNativeTarget "LineChart" */;
			buildPhases = (
				5628936EA6A46E0ED20A2243 /* Check Pods Manifest.lock */,
				D4A5C8DB1C86D18E00BB5129 /* Sources */,
				D4A5C8DC1C86D18E00BB5129 /* Frameworks */,
				D4A5C8DD1C86D18E00BB5129 /* Resources */,
				3BC5D74D9B41E59D996D6881 /* Embed Pods Frameworks */,
				5DB83599B9652F0219CF657B /* Copy Pods Resources */,
			);
			buildRules = (
			);
			dependencies = (
			);
			name = LineChart;
			productName = LineChart;
			productReference = D4A5C8DF1C86D18E00BB5129 /* LineChart.app */;
			productType = "com.apple.product-type.application";
		};
/* End PBXNativeTarget section */

/* Begin PBXProject section */
		D4A5C8D71C86D18E00BB5129 /* Project object */ = {
			isa = PBXProject;
			attributes = {
				LastUpgradeCheck = 0720;
				ORGANIZATIONNAME = zhangchao;
				TargetAttributes = {
					D4A5C8DE1C86D18E00BB5129 = {
						CreatedOnToolsVersion = 7.2.1;
					};
				};
			};
			buildConfigurationList = D4A5C8DA1C86D18E00BB5129 /* Build configuration list for PBXProject "LineChart" */;
			compatibilityVersion = "Xcode 3.2";
			developmentRegion = English;
			hasScannedForEncodings = 0;
			knownRegions = (
				en,
				Base,
			);
			mainGroup = D4A5C8D61C86D18E00BB5129;
			productRefGroup = D4A5C8E01C86D18E00BB5129 /* Products */;
			projectDirPath = "";
			projectRoot = "";
			targets = (
				D4A5C8DE1C86D18E00BB5129 /* LineChart */,
			);
		};
/* End PBXProject section */

/* Begin PBXResourcesBuildPhase section */
		D4A5C8DD1C86D18E00BB5129 /* Resources */ = {
			isa = PBXResourcesBuildPhase;
			buildActionMask = 2147483647;
			files = (
				D4A5C8EF1C86D18E00BB5129 /* Assets.xcassets in Resources */,
				D4A5C8FA1C86D2B900BB5129 /* Default-568h@2x.png in Resources */,
			);
			runOnlyForDeploymentPostprocessing = 0;
		};
/* End PBXResourcesBuildPhase section */

/* Begin PBXShellScriptBuildPhase section */
		3BC5D74D9B41E59D996D6881 /* Embed Pods Frameworks */ = {
			isa = PBXShellScriptBuildPhase;
			buildActionMask = 2147483647;
			files = (
			);
			inputPaths = (
			);
			name = "Embed Pods Frameworks";
			outputPaths = (
			);
			runOnlyForDeploymentPostprocessing = 0;
			shellPath = /bin/sh;
			shellScript = "";
			showEnvVarsInLog = 0;
		};
		5628936EA6A46E0ED20A2243 /* Check Pods Manifest.lock */ = {
			isa = PBXShellScriptBuildPhase;
			buildActionMask = 2147483647;
			files = (
			);
			inputPaths = (
			);
			name = "Check Pods Manifest.lock";
			outputPaths = (
			);
			runOnlyForDeploymentPostprocessing = 0;
			shellPath = /bin/sh;
			shellScript = "
";
			showEnvVarsInLog = 0;
		};
		5DB83599B9652F0219CF657B /* Copy Pods Resources */ = {
			isa = PBXShellScriptBuildPhase;
			buildActionMask = 2147483647;
			files = (
			);
			inputPaths = (
			);
			name = "Copy Pods Resources";
			outputPaths = (
			);
			runOnlyForDeploymentPostprocessing = 0;
			shellPath = /bin/sh;
			shellScript = "";
			showEnvVarsInLog = 0;
		};
/* End PBXShellScriptBuildPhase section */

/* Begin PBXSourcesBuildPhase section */
		D4A5C8DB1C86D18E00BB5129 /* Sources */ = {
			isa = PBXSourcesBuildPhase;
			buildActionMask = 2147483647;
			files = (
				C1BDA19B1CB367B60054D302 /* LCLegendView.m in Sources */,
				C1BDA19C1CB367B60054D302 /* LCLineChartView.m in Sources */,
				D4A5C9001C86DC8800BB5129 /* UIColor+Random.m in Sources */,
				C1BDA19A1CB367B60054D302 /* LCInfoView.m in Sources */,
				D4A5C8EA1C86D18E00BB5129 /* CurrentTreasureViewController.m in Sources */,
				D4A5C8E71C86D18E00BB5129 /* AppDelegate.m in Sources */,
				C1BDA19E1CB367B60054D302 /* UIKit+DrawingHelpers.m in Sources */,
				C1BDA19D1CB367B60054D302 /* LineChartModel.m in Sources */,
				D4A5C8E41C86D18E00BB5129 /* main.m in Sources */,
			);
			runOnlyForDeploymentPostprocessing = 0;
		};
/* End PBXSourcesBuildPhase section */

/* Begin XCBuildConfiguration section */
		D4A5C8F41C86D18E00BB5129 /* Debug */ = {
			isa = XCBuildConfiguration;
			buildSettings = {
				ALWAYS_SEARCH_USER_PATHS = NO;
				CLANG_CXX_LANGUAGE_STANDARD = "gnu++0x";
				CLANG_CXX_LIBRARY = "libc++";
				CLANG_ENABLE_MODULES = YES;
				CLANG_ENABLE_OBJC_ARC = YES;
				CLANG_WARN_BOOL_CONVERSION = YES;
				CLANG_WARN_CONSTANT_CONVERSION = YES;
				CLANG_WARN_DIRECT_OBJC_ISA_USAGE = YES_ERROR;
				CLANG_WARN_EMPTY_BODY = YES;
				CLANG_WARN_ENUM_CONVERSION = YES;
				CLANG_WARN_INT_CONVERSION = YES;
				CLANG_WARN_OBJC_ROOT_CLASS = YES_ERROR;
				CLANG_WARN_UNREACHABLE_CODE = YES;
				CLANG_WARN__DUPLICATE_METHOD_MATCH = YES;
				"CODE_SIGN_IDENTITY[sdk=iphoneos*]" = "iPhone Developer";
				COPY_PHASE_STRIP = NO;
				DEBUG_INFORMATION_FORMAT = dwarf;
				ENABLE_STRICT_OBJC_MSGSEND = YES;
				ENABLE_TESTABILITY = YES;
				GCC_C_LANGUAGE_STANDARD = gnu99;
				GCC_DYNAMIC_NO_PIC = NO;
				GCC_NO_COMMON_BLOCKS = YES;
				GCC_OPTIMIZATION_LEVEL = 0;
				GCC_PREPROCESSOR_DEFINITIONS = (
					"DEBUG=1",
					"$(inherited)",
				);
				GCC_WARN_64_TO_32_BIT_CONVERSION = YES;
				GCC_WARN_ABOUT_RETURN_TYPE = YES_ERROR;
				GCC_WARN_UNDECLARED_SELECTOR = YES;
				GCC_WARN_UNINITIALIZED_AUTOS = YES_AGGRESSIVE;
				GCC_WARN_UNUSED_FUNCTION = YES;
				GCC_WARN_UNUSED_VARIABLE = YES;
				IPHONEOS_DEPLOYMENT_TARGET = 9.2;
				MTL_ENABLE_DEBUG_INFO = YES;
				ONLY_ACTIVE_ARCH = YES;
				SDKROOT = iphoneos;
				TARGETED_DEVICE_FAMILY = "1,2";
			};
			name = Debug;
		};
		D4A5C8F51C86D18E00BB5129 /* Release */ = {
			isa = XCBuildConfiguration;
			buildSettings = {
				ALWAYS_SEARCH_USER_PATHS = NO;
				CLANG_CXX_LANGUAGE_STANDARD = "gnu++0x";
				CLANG_CXX_LIBRARY = "libc++";
				CLANG_ENABLE_MODULES = YES;
				CLANG_ENABLE_OBJC_ARC = YES;
				CLANG_WARN_BOOL_CONVERSION = YES;
				CLANG_WARN_CONSTANT_CONVERSION = YES;
				CLANG_WARN_DIRECT_OBJC_ISA_USAGE = YES_ERROR;
				CLANG_WARN_EMPTY_BODY = YES;
				CLANG_WARN_ENUM_CONVERSION = YES;
				CLANG_WARN_INT_CONVERSION = YES;
				CLANG_WARN_OBJC_ROOT_CLASS = YES_ERROR;
				CLANG_WARN_UNREACHABLE_CODE = YES;
				CLANG_WARN__DUPLICATE_METHOD_MATCH = YES;
				"CODE_SIGN_IDENTITY[sdk=iphoneos*]" = "iPhone Developer";
				COPY_PHASE_STRIP = NO;
				DEBUG_INFORMATION_FORMAT = "dwarf-with-dsym";
				ENABLE_NS_ASSERTIONS = NO;
				ENABLE_STRICT_OBJC_MSGSEND = YES;
				GCC_C_LANGUAGE_STANDARD = gnu99;
				GCC_NO_COMMON_BLOCKS = YES;
				GCC_WARN_64_TO_32_BIT_CONVERSION = YES;
				GCC_WARN_ABOUT_RETURN_TYPE = YES_ERROR;
				GCC_WARN_UNDECLARED_SELECTOR = YES;
				GCC_WARN_UNINITIALIZED_AUTOS = YES_AGGRESSIVE;
				GCC_WARN_UNUSED_FUNCTION = YES;
				GCC_WARN_UNUSED_VARIABLE = YES;
				IPHONEOS_DEPLOYMENT_TARGET = 9.2;
				MTL_ENABLE_DEBUG_INFO = NO;
				SDKROOT = iphoneos;
				TARGETED_DEVICE_FAMILY = "1,2";
				VALIDATE_PRODUCT = YES;
			};
			name = Release;
		};
		D4A5C8F71C86D18E00BB5129 /* Debug */ = {
			isa = XCBuildConfiguration;
			buildSettings = {
				ASSETCATALOG_COMPILER_APPICON_NAME = AppIcon;
				ASSETCATALOG_COMPILER_LAUNCHIMAGE_NAME = "Brand Assets";
				INFOPLIST_FILE = LineChart/Info.plist;
				LD_RUNPATH_SEARCH_PATHS = "$(inherited) @executable_path/Frameworks";
				PRODUCT_BUNDLE_IDENTIFIER = com.alb.LineChart;
				PRODUCT_NAME = "$(TARGET_NAME)";
				TARGETED_DEVICE_FAMILY = 1;
			};
			name = Debug;
		};
		D4A5C8F81C86D18E00BB5129 /* Release */ = {
			isa = XCBuildConfiguration;
			buildSettings = {
				ASSETCATALOG_COMPILER_APPICON_NAME = AppIcon;
				ASSETCATALOG_COMPILER_LAUNCHIMAGE_NAME = "Brand Assets";
				INFOPLIST_FILE = LineChart/Info.plist;
				LD_RUNPATH_SEARCH_PATHS = "$(inherited) @executable_path/Frameworks";
				PRODUCT_BUNDLE_IDENTIFIER = com.alb.LineChart;
				PRODUCT_NAME = "$(TARGET_NAME)";
				TARGETED_DEVICE_FAMILY = 1;
			};
			name = Release;
		};
/* End XCBuildConfiguration section */

/* Begin XCConfigurationList section */
		D4A5C8DA1C86D18E00BB5129 /* Build configuration list for PBXProject "LineChart" */ = {
			isa = XCConfigurationList;
			buildConfigurations = (
				D4A5C8F41C86D18E00BB5129 /* Debug */,
				D4A5C8F51C86D18E00BB5129 /* Release */,
			);
			defaultConfigurationIsVisible = 0;
			defaultConfigurationName = Release;
		};
		D4A5C8F61C86D18E00BB5129 /* Build configuration list for PBXNativeTarget "LineChart" */ = {
			isa = XCConfigurationList;
			buildConfigurations = (
				D4A5C8F71C86D18E00BB5129 /* Debug */,
				D4A5C8F81C86D18E00BB5129 /* Release */,
			);
			defaultConfigurationIsVisible = 0;
			defaultConfigurationName = Release;
		};
/* End XCConfigurationList section */
	};
	rootObject = D4A5C8D71C86D18E00BB5129 /* Project object */;
}
